[[package]]
category = "main"
description = "Python package for providing Mozilla's CA Bundle."
name = "certifi"
optional = false
python-versions = "*"
version = "2019.11.28"

[[package]]
category = "main"
description = "Universal encoding detector for Python 2 and 3"
name = "chardet"
optional = false
python-versions = "*"
version = "3.0.4"

[[package]]
category = "main"
description = "Address validation helpers for Google's i18n address database"
name = "google-i18n-address"
optional = false
python-versions = "*"
version = "2.3.5"

[package.dependencies]
requests = ">=2.7.0"

[[package]]
category = "main"
description = "HTML parser based on the WHATWG HTML specification"
name = "html5lib"
optional = false
python-versions = "*"
version = "1.0.1"

[package.dependencies]
six = ">=1.9"
webencodings = "*"

[package.extras]
all = ["genshi", "chardet (>=2.2)", "datrie", "lxml"]
chardet = ["chardet (>=2.2)"]
datrie = ["datrie"]
genshi = ["genshi"]
lxml = ["lxml"]

[[package]]
category = "main"
description = "Internationalized Domain Names in Applications (IDNA)"
name = "idna"
optional = false
python-versions = ">=2.7, !=3.0.*, !=3.1.*, !=3.2.*, !=3.3.*"
version = "2.9"

[[package]]
category = "main"
description = "Editable interval tree data structure for Python 2 and 3"
name = "intervaltree"
optional = false
python-versions = "*"
version = "3.0.2"

[package.dependencies]
sortedcontainers = ">=2.0,<3.0"

[[package]]
category = "main"
description = "Kitchen contains a cornucopia of useful code"
name = "kitchen"
optional = false
python-versions = "*"
version = "1.2.6"

[[package]]
category = "main"
description = "Powerful and Pythonic XML processing library combining libxml2/libxslt with the ElementTree API."
name = "lxml"
optional = false
python-versions = ">=2.7, !=3.0.*, !=3.1.*, !=3.2.*, !=3.3.*, != 3.4.*"
version = "4.5.0"

[package.extras]
cssselect = ["cssselect (>=0.7)"]
html5 = ["html5lib"]
htmlsoup = ["beautifulsoup4"]
source = ["Cython (>=0.29.7)"]

[[package]]
category = "main"
description = "ISO country, subdivision, language, currency and script definitions and their translations"
name = "pycountry"
optional = false
python-versions = "*"
version = "19.8.18"

[[package]]
category = "main"
description = "passive checker of Python programs"
name = "pyflakes"
optional = false
python-versions = ">=2.7, !=3.0.*, !=3.1.*, !=3.2.*, !=3.3.*"
version = "2.1.1"

[[package]]
category = "main"
description = "Python HTTP for Humans."
name = "requests"
optional = false
python-versions = ">=2.7, !=3.0.*, !=3.1.*, !=3.2.*, !=3.3.*, !=3.4.*"
version = "2.23.0"

[package.dependencies]
certifi = ">=2017.4.17"
chardet = ">=3.0.2,<4"
idna = ">=2.5,<3"
urllib3 = ">=1.21.1,<1.25.0 || >1.25.0,<1.25.1 || >1.25.1,<1.26"

[package.extras]
security = ["pyOpenSSL (>=0.14)", "cryptography (>=1.3.4)"]
socks = ["PySocks (>=1.5.6,<1.5.7 || >1.5.7)", "win-inet-pton"]

[[package]]
category = "main"
description = "Python 2 and 3 compatibility utilities"
name = "six"
optional = false
python-versions = ">=2.7, !=3.0.*, !=3.1.*, !=3.2.*"
version = "1.14.0"

[[package]]
category = "main"
description = "Sorted Containers -- Sorted List, Sorted Dict, Sorted Set"
name = "sortedcontainers"
optional = false
python-versions = "*"
version = "2.1.0"

[[package]]
category = "main"
description = "HTTP library with thread-safe connection pooling, file post, and more."
name = "urllib3"
optional = false
python-versions = ">=2.7, !=3.0.*, !=3.1.*, !=3.2.*, !=3.3.*, !=3.4.*, <4"
version = "1.25.8"

[package.extras]
brotli = ["brotlipy (>=0.6.0)"]
secure = ["pyOpenSSL (>=0.14)", "cryptography (>=1.3.4)", "idna (>=2.0.0)", "certifi", "ipaddress"]
socks = ["PySocks (>=1.5.6,<1.5.7 || >1.5.7,<2.0)"]

[[package]]
category = "main"
description = "Character encoding aliases for legacy web content"
name = "webencodings"
optional = false
python-versions = "*"
version = "0.5.1"

[[package]]
category = "main"
description = "Xml2rfc generates RFCs and IETF drafts from document source in XML according to the IETF xml2rfc v2 and v3 vocabularies."
name = "xml2rfc"
optional = false
python-versions = "*"
version = "2.41.0"

[package.dependencies]
google-i18n-address = ">=2.3.2"
html5lib = ">=1.0.1"
intervaltree = ">=2.1.0,<3.0.0 || >3.0.0"
kitchen = ">=1.2.6"
lxml = ">=2.2.8,<4.3.1 || >4.3.1"
pycountry = ">=1.8,<19.7.15 || >19.7.15"
pyflakes = ">=0.8.1"
requests = ">=2.5.0"
setuptools = ">=18.0"
six = ">=1.4.1"

[metadata]
content-hash = "731ec98d1f6291a75469a393cb4eb81f56ebe863b30c6b8911ec6007e1a18409"
python-versions = "^3.7"

[metadata.files]
certifi = [
    {file = "certifi-2019.11.28-py2.py3-none-any.whl", hash = "sha256:017c25db2a153ce562900032d5bc68e9f191e44e9a0f762f373977de9df1fbb3"},
    {file = "certifi-2019.11.28.tar.gz", hash = "sha256:25b64c7da4cd7479594d035c08c2d809eb4aab3a26e5a990ea98cc450c320f1f"},
]
chardet = [
    {file = "chardet-3.0.4-py2.py3-none-any.whl", hash = "sha256:fc323ffcaeaed0e0a02bf4d117757b98aed530d9ed4531e3e15460124c106691"},
    {file = "chardet-3.0.4.tar.gz", hash = "sha256:84ab92ed1c4d4f16916e05906b6b75a6c0fb5db821cc65e70cbd64a3e2a5eaae"},
]
google-i18n-address = [
    {file = "google-i18n-address-2.3.5.tar.gz", hash = "sha256:7c6cd436e9abcdd69ea347d2e440d718019eed55e98b7078051f902a521f6fce"},
    {file = "google_i18n_address-2.3.5-py2.py3-none-any.whl", hash = "sha256:1350d69e2df80c519b7db25c0056f696dae2b4956cd55c39bd16892cb9015645"},
]
html5lib = [
    {file = "html5lib-1.0.1-py2.py3-none-any.whl", hash = "sha256:20b159aa3badc9d5ee8f5c647e5efd02ed2a66ab8d354930bd9ff139fc1dc0a3"},
    {file = "html5lib-1.0.1.tar.gz", hash = "sha256:66cb0dcfdbbc4f9c3ba1a63fdb511ffdbd4f513b2b6d81b80cd26ce6b3fb3736"},
]
idna = [
    {file = "idna-2.9-py2.py3-none-any.whl", hash = "sha256:a068a21ceac8a4d63dbfd964670474107f541babbd2250d61922f029858365fa"},
    {file = "idna-2.9.tar.gz", hash = "sha256:7588d1c14ae4c77d74036e8c22ff447b26d0fde8f007354fd48a7814db15b7cb"},
]
intervaltree = [
    {file = "intervaltree-3.0.2.tar.gz", hash = "sha256:cb4f61c81dcb4fea6c09903f3599015a83c9bdad1f0bbd232495e6681e19e273"},
]
kitchen = [
    {file = "kitchen-1.2.6.tar.gz", hash = "sha256:b84cf582f1bd1556b60ebc7370b9d331eb9247b6b070ce89dfe959cba2c0b03c"},
]
lxml = [
    {file = "lxml-4.5.0-cp27-cp27m-macosx_10_9_x86_64.whl", hash = "sha256:0701f7965903a1c3f6f09328c1278ac0eee8f56f244e66af79cb224b7ef3801c"},
    {file = "lxml-4.5.0-cp27-cp27m-manylinux1_i686.whl", hash = "sha256:06d4e0bbb1d62e38ae6118406d7cdb4693a3fa34ee3762238bcb96c9e36a93cd"},
    {file = "lxml-4.5.0-cp27-cp27m-manylinux1_x86_64.whl", hash = "sha256:5828c7f3e615f3975d48f40d4fe66e8a7b25f16b5e5705ffe1d22e43fb1f6261"},
    {file = "lxml-4.5.0-cp27-cp27m-win32.whl", hash = "sha256:afdb34b715daf814d1abea0317b6d672476b498472f1e5aacbadc34ebbc26e89"},
    {file = "lxml-4.5.0-cp27-cp27m-win_amd64.whl", hash = "sha256:585c0869f75577ac7a8ff38d08f7aac9033da2c41c11352ebf86a04652758b7a"},
    {file = "lxml-4.5.0-cp27-cp27mu-manylinux1_i686.whl", hash = "sha256:8a0ebda56ebca1a83eb2d1ac266649b80af8dd4b4a3502b2c1e09ac2f88fe128"},
    {file = "lxml-4.5.0-cp27-cp27mu-manylinux1_x86_64.whl", hash = "sha256:fe976a0f1ef09b3638778024ab9fb8cde3118f203364212c198f71341c0715ca"},
    {file = "lxml-4.5.0-cp35-cp35m-manylinux1_i686.whl", hash = "sha256:7bc1b221e7867f2e7ff1933165c0cec7153dce93d0cdba6554b42a8beb687bdb"},
    {file = "lxml-4.5.0-cp35-cp35m-manylinux1_x86_64.whl", hash = "sha256:d068f55bda3c2c3fcaec24bd083d9e2eede32c583faf084d6e4b9daaea77dde8"},
    {file = "lxml-4.5.0-cp35-cp35m-win32.whl", hash = "sha256:e4aa948eb15018a657702fee0b9db47e908491c64d36b4a90f59a64741516e77"},
    {file = "lxml-4.5.0-cp35-cp35m-win_amd64.whl", hash = "sha256:1f2c4ec372bf1c4a2c7e4bb20845e8bcf8050365189d86806bad1e3ae473d081"},
    {file = "lxml-4.5.0-cp36-cp36m-macosx_10_9_x86_64.whl", hash = "sha256:5d467ce9c5d35b3bcc7172c06320dddb275fea6ac2037f72f0a4d7472035cea9"},
    {file = "lxml-4.5.0-cp36-cp36m-manylinux1_i686.whl", hash = "sha256:95e67224815ef86924fbc2b71a9dbd1f7262384bca4bc4793645794ac4200717"},
    {file = "lxml-4.5.0-cp36-cp36m-manylinux1_x86_64.whl", hash = "sha256:ebec08091a22c2be870890913bdadd86fcd8e9f0f22bcb398abd3af914690c15"},
    {file = "lxml-4.5.0-cp36-cp36m-win32.whl", hash = "sha256:deadf4df349d1dcd7b2853a2c8796593cc346600726eff680ed8ed11812382a7"},
    {file = "lxml-4.5.0-cp36-cp36m-win_amd64.whl", hash = "sha256:f2b74784ed7e0bc2d02bd53e48ad6ba523c9b36c194260b7a5045071abbb1012"},
    {file = "lxml-4.5.0-cp37-cp37m-macosx_10_9_x86_64.whl", hash = "sha256:fa071559f14bd1e92077b1b5f6c22cf09756c6de7139370249eb372854ce51e6"},
    {file = "lxml-4.5.0-cp37-cp37m-manylinux1_i686.whl", hash = "sha256:edc15fcfd77395e24543be48871c251f38132bb834d9fdfdad756adb6ea37679"},
    {file = "lxml-4.5.0-cp37-cp37m-manylinux1_x86_64.whl", hash = "sha256:fd52e796fee7171c4361d441796b64df1acfceb51f29e545e812f16d023c4bbc"},
    {file = "lxml-4.5.0-cp37-cp37m-win32.whl", hash = "sha256:90ed0e36455a81b25b7034038e40880189169c308a3df360861ad74da7b68c1a"},
    {file = "lxml-4.5.0-cp37-cp37m-win_amd64.whl", hash = "sha256:df533af6f88080419c5a604d0d63b2c33b1c0c4409aba7d0cb6de305147ea8c8"},
    {file = "lxml-4.5.0-cp38-cp38-macosx_10_9_x86_64.whl", hash = "sha256:b4b2c63cc7963aedd08a5f5a454c9f67251b1ac9e22fd9d72836206c42dc2a72"},
    {file = "lxml-4.5.0-cp38-cp38-manylinux1_i686.whl", hash = "sha256:e5d842c73e4ef6ed8c1bd77806bf84a7cb535f9c0cf9b2c74d02ebda310070e1"},
    {file = "lxml-4.5.0-cp38-cp38-manylinux1_x86_64.whl", hash = "sha256:63dbc21efd7e822c11d5ddbedbbb08cd11a41e0032e382a0fd59b0b08e405a3a"},
    {file = "lxml-4.5.0-cp38-cp38-win32.whl", hash = "sha256:4235bc124fdcf611d02047d7034164897ade13046bda967768836629bc62784f"},
    {file = "lxml-4.5.0-cp38-cp38-win_amd64.whl", hash = "sha256:d5b3c4b7edd2e770375a01139be11307f04341ec709cf724e0f26ebb1eef12c3"},
    {file = "lxml-4.5.0.tar.gz", hash = "sha256:8620ce80f50d023d414183bf90cc2576c2837b88e00bea3f33ad2630133bbb60"},
]
pycountry = [
    {file = "pycountry-19.8.18.tar.gz", hash = "sha256:3c57aa40adcf293d59bebaffbe60d8c39976fba78d846a018dc0c2ec9c6cb3cb"},
]
pyflakes = [
    {file = "pyflakes-2.1.1-py2.py3-none-any.whl", hash = "sha256:17dbeb2e3f4d772725c777fabc446d5634d1038f234e77343108ce445ea69ce0"},
    {file = "pyflakes-2.1.1.tar.gz", hash = "sha256:d976835886f8c5b31d47970ed689944a0262b5f3afa00a5a7b4dc81e5449f8a2"},
]
requests = [
    {file = "requests-2.23.0-py2.py3-none-any.whl", hash = "sha256:43999036bfa82904b6af1d99e4882b560e5e2c68e5c4b0aa03b655f3d7d73fee"},
    {file = "requests-2.23.0.tar.gz", hash = "sha256:b3f43d496c6daba4493e7c431722aeb7dbc6288f52a6e04e7b6023b0247817e6"},
]
six = [
    {file = "six-1.14.0-py2.py3-none-any.whl", hash = "sha256:8f3cd2e254d8f793e7f3d6d9df77b92252b52637291d0f0da013c76ea2724b6c"},
    {file = "six-1.14.0.tar.gz", hash = "sha256:236bdbdce46e6e6a3d61a337c0f8b763ca1e8717c03b369e87a7ec7ce1319c0a"},
]
sortedcontainers = [
    {file = "sortedcontainers-2.1.0-py2.py3-none-any.whl", hash = "sha256:d9e96492dd51fae31e60837736b38fe42a187b5404c16606ff7ee7cd582d4c60"},
    {file = "sortedcontainers-2.1.0.tar.gz", hash = "sha256:974e9a32f56b17c1bac2aebd9dcf197f3eb9cd30553c5852a3187ad162e1a03a"},
]
urllib3 = [
    {file = "urllib3-1.25.8-py2.py3-none-any.whl", hash = "sha256:2f3db8b19923a873b3e5256dc9c2dedfa883e33d87c690d9c7913e1f40673cdc"},
    {file = "urllib3-1.25.8.tar.gz", hash = "sha256:87716c2d2a7121198ebcb7ce7cccf6ce5e9ba539041cfbaeecfb641dc0bf6acc"},
]
webencodings = [
    {file = "webencodings-0.5.1-py2.py3-none-any.whl", hash = "sha256:a0af1213f3c2226497a97e2b3aa01a7e4bee4f403f95be16fc9acd2947514a78"},
    {file = "webencodings-0.5.1.tar.gz", hash = "sha256:b36a1c245f2d304965eb4e0a82848379241dc04b865afcc4aab16748587e1923"},
]
xml2rfc = [
    {file = "xml2rfc-2.41.0.tar.gz", hash = "sha256:3f82455bed75744abd5b493c6d9654fee53accff0380e605124721258c7db076"},
]
